version = 1
revision = 3
requires-python = ">=3.13"

[[package]]
name = "nextflow-impl"
version = "0.1.0"
source = { editable = "." }
dependencies = [
    { name = "pysam" },
]

[package.metadata]
requires-dist = [{ name = "pysam", specifier = ">=0.23.3" }]

[[package]]
name = "pysam"
version = "0.23.3"
source = { registry = "https://pypi.org/simple" }
sdist = { url = "https://files.pythonhosted.org/packages/7c/2b/1cf19890a0e4c73ad2672ce7eb485606c4bd2846eef2d892c078ab193c92/pysam-0.23.3.tar.gz", hash = "sha256:9ebcb1f004b296fd139b103ec6fd7e415e80f89f194eb7d0d972ac6d11bbaf24", size = 4974405, upload-time = "2025-06-10T11:19:54.057Z" }
wheels = [
    { url = "https://files.pythonhosted.org/packages/88/87/55cabf614bcc96f4a548ab4cf5fe465dd562d193f4f4cd5246cc0a1a18ab/pysam-0.23.3-cp313-cp313-macosx_10_13_x86_64.whl", hash = "sha256:2d3177c5b3e102bde297f86e079d23fa385ac88f16c4252502079ef368056d55", size = 8660576, upload-time = "2025-06-10T11:19:26.918Z" },
    { url = "https://files.pythonhosted.org/packages/1f/2f/4708f52028610af96fa82e3ef46bcf96a35f1bd3c38aa6f015b31b578fff/pysam-0.23.3-cp313-cp313-macosx_11_0_arm64.whl", hash = "sha256:2b6f6891684213e89ee679c5ac786b4e845e7d39d24f6ea0e4d8ed8be9c34f48", size = 8420107, upload-time = "2025-06-10T11:22:59.325Z" },
    { url = "https://files.pythonhosted.org/packages/d9/35/e65f76cfa17d680017bbb61f2a2b3ad34169de5c3747ed4273c194ad13b3/pysam-0.23.3-cp313-cp313-manylinux_2_28_aarch64.whl", hash = "sha256:735b938b809f0dc19a389cf3cee04fe7a451e21e2b20d3e45fa6bc23016ae21d", size = 26547806, upload-time = "2025-06-10T11:23:02.083Z" },
    { url = "https://files.pythonhosted.org/packages/3f/60/2c8574f13f5a9c07cc14f5b48f70591fcd1ccb50dd59ad9784d48ed31db4/pysam-0.23.3-cp313-cp313-manylinux_2_28_x86_64.whl", hash = "sha256:b721ae4c9118e0c27e1500be278c3b62022c886eeb913ecabc0463fdf98da38f", size = 27262067, upload-time = "2025-06-10T11:19:29.222Z" },
    { url = "https://files.pythonhosted.org/packages/f3/ef/6ca22f37b3c771f5df38a533d8276dabaacc89a034341a0ec33b7ec21d5e/pysam-0.23.3-cp313-cp313-musllinux_1_2_aarch64.whl", hash = "sha256:915bd2883eed08b16a41964a33923818e67166ca69a51086598d27287df6bb4f", size = 26036767, upload-time = "2025-06-10T11:23:04.839Z" },
    { url = "https://files.pythonhosted.org/packages/99/a4/d52ac0f89fa90ab98998e5c0640963f3f4c1e9703fd4dd0aaa4facaea187/pysam-0.23.3-cp313-cp313-musllinux_1_2_x86_64.whl", hash = "sha256:b80f1092ba290b738d6ed230cc58cc75ca815fda441afe76cb4c25639aec7ee7", size = 26477588, upload-time = "2025-06-10T11:19:31.96Z" },
]
